// !$*UTF8*$!
{
	archiveVersion = 1;
	classes = {
	};
	objectVersion = 46;
	objects = {

/* Begin PBXBuildFile section */
		211B4B90106077EE007CB02C /* PointToStringTransformer.m in Sources */ = {isa = PBXBuildFile; fileRef = 211B4B8F106077EE007CB02C /* PointToStringTransformer.m */; };
		211B4B91106077EE007CB02C /* PointToStringTransformer.m in Sources */ = {isa = PBXBuildFile; fileRef = 211B4B8F106077EE007CB02C /* PointToStringTransformer.m */; };
		217DDA4910BC557E00F65BAA /* Icon.icns in Resources */ = {isa = PBXBuildFile; fileRef = 217DDA4810BC557E00F65BAA /* Icon.icns */; };
		21A1CAB310BF1ACD00FF141F /* CastingStage Document.icns in Resources */ = {isa = PBXBuildFile; fileRef = 21A1CAB210BF1ACD00FF141F /* CastingStage Document.icns */; };
		21AB7078105AAC36005E7720 /* vector3.c in Sources */ = {isa = PBXBuildFile; fileRef = 21AB7077105AAC36005E7720 /* vector3.c */; };
		21AB7079105AAC36005E7720 /* vector3.c in Sources */ = {isa = PBXBuildFile; fileRef = 21AB7077105AAC36005E7720 /* vector3.c */; };
		21BAC4471070008600373730 /* Ray.c in Sources */ = {isa = PBXBuildFile; fileRef = 21BAC4461070008600373730 /* Ray.c */; };
		21BAC4481070008600373730 /* Ray.c in Sources */ = {isa = PBXBuildFile; fileRef = 21BAC4461070008600373730 /* Ray.c */; };
		21BD40D51056031A00D786D1 /* Plane.m in Sources */ = {isa = PBXBuildFile; fileRef = 21BD40D41056031A00D786D1 /* Plane.m */; };
		21BD40D61056031A00D786D1 /* Plane.m in Sources */ = {isa = PBXBuildFile; fileRef = 21BD40D41056031A00D786D1 /* Plane.m */; };
		21DCD0E7104AF19B00355E48 /* SceneTest.m in Sources */ = {isa = PBXBuildFile; fileRef = 21DCD0E6104AF19B00355E48 /* SceneTest.m */; };
		21DCD103104AF5B900355E48 /* Sphere.m in Sources */ = {isa = PBXBuildFile; fileRef = 2163D4DB1046024200C26AF0 /* Sphere.m */; };
		21DCD105104AF5B900355E48 /* Primitive.m in Sources */ = {isa = PBXBuildFile; fileRef = 21AAEE7B10460401001F92C5 /* Primitive.m */; };
		21DCD107104AF5B900355E48 /* Light.m in Sources */ = {isa = PBXBuildFile; fileRef = 21383DC51049956E00864230 /* Light.m */; };
		21DCD109104AF5B900355E48 /* PointLight.m in Sources */ = {isa = PBXBuildFile; fileRef = 21383DC81049958D00864230 /* PointLight.m */; };
		21DCD1EE104AFED900355E48 /* InfoPlist.strings in Resources */ = {isa = PBXBuildFile; fileRef = 089C165CFE840E0CC02AAC07 /* InfoPlist.strings */; };
		21DCD1EF104AFED900355E48 /* MainMenu.xib in Resources */ = {isa = PBXBuildFile; fileRef = 1DDD58140DA1D0A300B32029 /* MainMenu.xib */; };
		21DCD1F1104AFED900355E48 /* main.m in Sources */ = {isa = PBXBuildFile; fileRef = 29B97316FDCFA39411CA2CEA /* main.m */; settings = {ATTRIBUTES = (); }; };
		21DCD1F2104AFED900355E48 /* RayTracer.m in Sources */ = {isa = PBXBuildFile; fileRef = 21CB74391045E248005CF75B /* RayTracer.m */; };
		21DCD1F3104AFED900355E48 /* AppController.m in Sources */ = {isa = PBXBuildFile; fileRef = 21CB748F1045E7FD005CF75B /* AppController.m */; };
		21DCD1F4104AFED900355E48 /* Sphere.m in Sources */ = {isa = PBXBuildFile; fileRef = 2163D4DB1046024200C26AF0 /* Sphere.m */; };
		21DCD1F5104AFED900355E48 /* Primitive.m in Sources */ = {isa = PBXBuildFile; fileRef = 21AAEE7B10460401001F92C5 /* Primitive.m */; };
		21DCD1F6104AFED900355E48 /* Lightning.m in Sources */ = {isa = PBXBuildFile; fileRef = 21F50A841046E9A800CFC084 /* Lightning.m */; };
		21DCD1F7104AFED900355E48 /* Light.m in Sources */ = {isa = PBXBuildFile; fileRef = 21383DC51049956E00864230 /* Light.m */; };
		21DCD1F8104AFED900355E48 /* PointLight.m in Sources */ = {isa = PBXBuildFile; fileRef = 21383DC81049958D00864230 /* PointLight.m */; };
		21DCD1FA104AFED900355E48 /* Cocoa.framework in Frameworks */ = {isa = PBXBuildFile; fileRef = 1058C7A1FEA54F0111CA2CBB /* Cocoa.framework */; };
		21E947B41062C50C00F8E3AF /* CSWindowController.m in Sources */ = {isa = PBXBuildFile; fileRef = 21E947B31062C50C00F8E3AF /* CSWindowController.m */; };
		21E947B51062C50C00F8E3AF /* CSWindowController.m in Sources */ = {isa = PBXBuildFile; fileRef = 21E947B31062C50C00F8E3AF /* CSWindowController.m */; };
		21E947CB1062C70D00F8E3AF /* RayTracer.xib in Resources */ = {isa = PBXBuildFile; fileRef = 21E947C91062C70D00F8E3AF /* RayTracer.xib */; };
		21E947D01062C83500F8E3AF /* CSDocument.m in Sources */ = {isa = PBXBuildFile; fileRef = 21E947CF1062C83500F8E3AF /* CSDocument.m */; };
		21E947D11062C83500F8E3AF /* CSDocument.m in Sources */ = {isa = PBXBuildFile; fileRef = 21E947CF1062C83500F8E3AF /* CSDocument.m */; };
		21E949071062FD2A00F8E3AF /* RayTracer+Archiver.m in Sources */ = {isa = PBXBuildFile; fileRef = 21E949061062FD2A00F8E3AF /* RayTracer+Archiver.m */; };
		21E949081062FD2A00F8E3AF /* RayTracer+Archiver.m in Sources */ = {isa = PBXBuildFile; fileRef = 21E949061062FD2A00F8E3AF /* RayTracer+Archiver.m */; };
		21EA767A1066CE570005B1DF /* AreaLight.m in Sources */ = {isa = PBXBuildFile; fileRef = 21EA76791066CE570005B1DF /* AreaLight.m */; };
		21EA767B1066CE570005B1DF /* AreaLight.m in Sources */ = {isa = PBXBuildFile; fileRef = 21EA76791066CE570005B1DF /* AreaLight.m */; };
/* End PBXBuildFile section */

/* Begin PBXFileReference section */
		089C165DFE840E0CC02AAC07 /* English */ = {isa = PBXFileReference; fileEncoding = 10; lastKnownFileType = text.plist.strings; name = English; path = English.lproj/InfoPlist.strings; sourceTree = "<group>"; };
		1058C7A1FEA54F0111CA2CBB /* Cocoa.framework */ = {isa = PBXFileReference; lastKnownFileType = wrapper.framework; name = Cocoa.framework; path = /System/Library/Frameworks/Cocoa.framework; sourceTree = "<absolute>"; };
		13E42FB307B3F0F600E4EEF1 /* CoreData.framework */ = {isa = PBXFileReference; lastKnownFileType = wrapper.framework; name = CoreData.framework; path = /System/Library/Frameworks/CoreData.framework; sourceTree = "<absolute>"; };
		1DDD58150DA1D0A300B32029 /* English */ = {isa = PBXFileReference; lastKnownFileType = file.xib; name = English; path = English.lproj/MainMenu.xib; sourceTree = "<group>"; };
		211772C7106320730006C97E /* GrandCentral.h */ = {isa = PBXFileReference; fileEncoding = 4; lastKnownFileType = sourcecode.c.h; path = GrandCentral.h; sourceTree = "<group>"; };
		211B4B8E106077EE007CB02C /* PointToStringTransformer.h */ = {isa = PBXFileReference; fileEncoding = 4; lastKnownFileType = sourcecode.c.h; path = PointToStringTransformer.h; sourceTree = "<group>"; };
		211B4B8F106077EE007CB02C /* PointToStringTransformer.m */ = {isa = PBXFileReference; fileEncoding = 4; lastKnownFileType = sourcecode.c.objc; path = PointToStringTransformer.m; sourceTree = "<group>"; };
		21383DC41049956E00864230 /* Light.h */ = {isa = PBXFileReference; fileEncoding = 4; lastKnownFileType = sourcecode.c.h; path = Light.h; sourceTree = "<group>"; };
		21383DC51049956E00864230 /* Light.m */ = {isa = PBXFileReference; fileEncoding = 4; lastKnownFileType = sourcecode.c.objc; path = Light.m; sourceTree = "<group>"; };
		21383DC71049958D00864230 /* PointLight.h */ = {isa = PBXFileReference; fileEncoding = 4; lastKnownFileType = sourcecode.c.h; path = PointLight.h; sourceTree = "<group>"; };
		21383DC81049958D00864230 /* PointLight.m */ = {isa = PBXFileReference; fileEncoding = 4; lastKnownFileType = sourcecode.c.objc; path = PointLight.m; sourceTree = "<group>"; };
		2163D4DB1046024200C26AF0 /* Sphere.m */ = {isa = PBXFileReference; fileEncoding = 4; lastKnownFileType = sourcecode.c.objc; path = Sphere.m; sourceTree = "<group>"; };
		217DDA4810BC557E00F65BAA /* Icon.icns */ = {isa = PBXFileReference; lastKnownFileType = image.icns; path = Icon.icns; sourceTree = "<group>"; };
		21A1CAB210BF1ACD00FF141F /* CastingStage Document.icns */ = {isa = PBXFileReference; lastKnownFileType = image.icns; path = "CastingStage Document.icns"; sourceTree = "<group>"; };
		21AAEDFB10460279001F92C5 /* Sphere.h */ = {isa = PBXFileReference; fileEncoding = 4; lastKnownFileType = sourcecode.c.h; path = Sphere.h; sourceTree = "<group>"; };
		21AAEE7A10460401001F92C5 /* Primitive.h */ = {isa = PBXFileReference; fileEncoding = 4; lastKnownFileType = sourcecode.c.h; path = Primitive.h; sourceTree = "<group>"; };
		21AAEE7B10460401001F92C5 /* Primitive.m */ = {isa = PBXFileReference; fileEncoding = 4; lastKnownFileType = sourcecode.c.objc; path = Primitive.m; sourceTree = "<group>"; };
		21AB7076105AAC36005E7720 /* vector3.h */ = {isa = PBXFileReference; fileEncoding = 4; lastKnownFileType = sourcecode.c.h; path = vector3.h; sourceTree = "<group>"; };
		21AB7077105AAC36005E7720 /* vector3.c */ = {isa = PBXFileReference; explicitFileType = sourcecode.c.c; fileEncoding = 4; path = vector3.c; sourceTree = "<group>"; };
		21BAC4461070008600373730 /* Ray.c */ = {isa = PBXFileReference; fileEncoding = 4; lastKnownFileType = sourcecode.c.c; path = Ray.c; sourceTree = "<group>"; };
		21BD40D31056031A00D786D1 /* Plane.h */ = {isa = PBXFileReference; fileEncoding = 4; lastKnownFileType = sourcecode.c.h; path = Plane.h; sourceTree = "<group>"; };
		21BD40D41056031A00D786D1 /* Plane.m */ = {isa = PBXFileReference; fileEncoding = 4; lastKnownFileType = sourcecode.c.objc; path = Plane.m; sourceTree = "<group>"; };
		21BD40EE10560A9200D786D1 /* ScenePrimitives.h */ = {isa = PBXFileReference; fileEncoding = 4; lastKnownFileType = sourcecode.c.h; path = ScenePrimitives.h; sourceTree = "<group>"; };
		21CB74381045E248005CF75B /* RayTracer.h */ = {isa = PBXFileReference; fileEncoding = 4; lastKnownFileType = sourcecode.c.h; path = RayTracer.h; sourceTree = "<group>"; };
		21CB74391045E248005CF75B /* RayTracer.m */ = {isa = PBXFileReference; fileEncoding = 4; lastKnownFileType = sourcecode.c.objc; path = RayTracer.m; sourceTree = "<group>"; };
		21CB748E1045E7FD005CF75B /* AppController.h */ = {isa = PBXFileReference; fileEncoding = 4; lastKnownFileType = sourcecode.c.h; path = AppController.h; sourceTree = "<group>"; };
		21CB748F1045E7FD005CF75B /* AppController.m */ = {isa = PBXFileReference; fileEncoding = 4; lastKnownFileType = sourcecode.c.objc; path = AppController.m; sourceTree = "<group>"; };
		21CB76791045FD08005CF75B /* Ray.h */ = {isa = PBXFileReference; explicitFileType = sourcecode.c.objc; fileEncoding = 4; path = Ray.h; sourceTree = "<group>"; };
		21DCD0DC104AF12F00355E48 /* UnitTests.octest */ = {isa = PBXFileReference; explicitFileType = wrapper.cfbundle; includeInIndex = 0; path = UnitTests.octest; sourceTree = BUILT_PRODUCTS_DIR; };
		21DCD0DD104AF12F00355E48 /* UnitTests-Info.plist */ = {isa = PBXFileReference; lastKnownFileType = text.plist.xml; path = "UnitTests-Info.plist"; sourceTree = "<group>"; };
		21DCD0E5104AF19B00355E48 /* SceneTest.h */ = {isa = PBXFileReference; fileEncoding = 4; lastKnownFileType = sourcecode.c.h; path = SceneTest.h; sourceTree = "<group>"; };
		21DCD0E6104AF19B00355E48 /* SceneTest.m */ = {isa = PBXFileReference; fileEncoding = 4; lastKnownFileType = sourcecode.c.objc; path = SceneTest.m; sourceTree = "<group>"; };
		21DCD1FE104AFED900355E48 /* CastingStage.app */ = {isa = PBXFileReference; explicitFileType = wrapper.application; includeInIndex = 0; path = CastingStage.app; sourceTree = BUILT_PRODUCTS_DIR; };
		21E947B21062C50C00F8E3AF /* CSWindowController.h */ = {isa = PBXFileReference; fileEncoding = 4; lastKnownFileType = sourcecode.c.h; path = CSWindowController.h; sourceTree = "<group>"; };
		21E947B31062C50C00F8E3AF /* CSWindowController.m */ = {isa = PBXFileReference; fileEncoding = 4; lastKnownFileType = sourcecode.c.objc; path = CSWindowController.m; sourceTree = "<group>"; };
		21E947CA1062C70D00F8E3AF /* English */ = {isa = PBXFileReference; lastKnownFileType = file.xib; name = English; path = English.lproj/RayTracer.xib; sourceTree = "<group>"; };
		21E947CE1062C83500F8E3AF /* CSDocument.h */ = {isa = PBXFileReference; fileEncoding = 4; lastKnownFileType = sourcecode.c.h; path = CSDocument.h; sourceTree = "<group>"; };
		21E947CF1062C83500F8E3AF /* CSDocument.m */ = {isa = PBXFileReference; fileEncoding = 4; lastKnownFileType = sourcecode.c.objc; path = CSDocument.m; sourceTree = "<group>"; };
		21E949051062FD2A00F8E3AF /* RayTracer+Archiver.h */ = {isa = PBXFileReference; fileEncoding = 4; lastKnownFileType = sourcecode.c.h; path = "RayTracer+Archiver.h"; sourceTree = "<group>"; };
		21E949061062FD2A00F8E3AF /* RayTracer+Archiver.m */ = {isa = PBXFileReference; fileEncoding = 4; lastKnownFileType = sourcecode.c.objc; path = "RayTracer+Archiver.m"; sourceTree = "<group>"; };
		21EA76781066CE570005B1DF /* AreaLight.h */ = {isa = PBXFileReference; fileEncoding = 4; lastKnownFileType = sourcecode.c.h; path = AreaLight.h; sourceTree = "<group>"; };
		21EA76791066CE570005B1DF /* AreaLight.m */ = {isa = PBXFileReference; fileEncoding = 4; lastKnownFileType = sourcecode.c.objc; path = AreaLight.m; sourceTree = "<group>"; };
		21F50A831046E9A800CFC084 /* Lightning.h */ = {isa = PBXFileReference; fileEncoding = 4; lastKnownFileType = sourcecode.c.h; path = Lightning.h; sourceTree = "<group>"; };
		21F50A841046E9A800CFC084 /* Lightning.m */ = {isa = PBXFileReference; fileEncoding = 4; lastKnownFileType = sourcecode.c.objc; path = Lightning.m; sourceTree = "<group>"; };
		29B97316FDCFA39411CA2CEA /* main.m */ = {isa = PBXFileReference; fileEncoding = 4; lastKnownFileType = sourcecode.c.objc; path = main.m; sourceTree = "<group>"; };
		29B97324FDCFA39411CA2CEA /* AppKit.framework */ = {isa = PBXFileReference; lastKnownFileType = wrapper.framework; name = AppKit.framework; path = /System/Library/Frameworks/AppKit.framework; sourceTree = "<absolute>"; };
		29B97325FDCFA39411CA2CEA /* Foundation.framework */ = {isa = PBXFileReference; lastKnownFileType = wrapper.framework; name = Foundation.framework; path = /System/Library/Frameworks/Foundation.framework; sourceTree = "<absolute>"; };
		32CA4F630368D1EE00C91783 /* Untitled_Prefix.pch */ = {isa = PBXFileReference; fileEncoding = 4; lastKnownFileType = sourcecode.c.h; path = Untitled_Prefix.pch; sourceTree = "<group>"; };
		8D1107310486CEB800E47090 /* Info.plist */ = {isa = PBXFileReference; fileEncoding = 4; lastKnownFileType = text.plist.xml; path = Info.plist; sourceTree = "<group>"; };
/* End PBXFileReference section */

/* Begin PBXFrameworksBuildPhase section */
		21DCD0D9104AF12F00355E48 /* Frameworks */ = {
			isa = PBXFrameworksBuildPhase;
			buildActionMask = 2147483647;
			files = (
			);
			runOnlyForDeploymentPostprocessing = 0;
		};
		21DCD1F9104AFED900355E48 /* Frameworks */ = {
			isa = PBXFrameworksBuildPhase;
			buildActionMask = 2147483647;
			files = (
				21DCD1FA104AFED900355E48 /* Cocoa.framework in Frameworks */,
			);
			runOnlyForDeploymentPostprocessing = 0;
		};
/* End PBXFrameworksBuildPhase section */

/* Begin PBXGroup section */
		080E96DDFE201D6D7F000001 /* Classes */ = {
			isa = PBXGroup;
			children = (
				213592D3106089750015C72F /* Transformers */,
				21DCD0E4104AF17F00355E48 /* Tests */,
				21CB75C81045F6C6005CF75B /* Scene */,
				21CB751C1045ECE8005CF75B /* Maths */,
				21E947B71062C53600F8E3AF /* UI */,
				21CB74381045E248005CF75B /* RayTracer.h */,
				21CB74391045E248005CF75B /* RayTracer.m */,
				21F50A831046E9A800CFC084 /* Lightning.h */,
				21F50A841046E9A800CFC084 /* Lightning.m */,
				21E949051062FD2A00F8E3AF /* RayTracer+Archiver.h */,
				21E949061062FD2A00F8E3AF /* RayTracer+Archiver.m */,
				211772C7106320730006C97E /* GrandCentral.h */,
			);
			name = Classes;
			sourceTree = "<group>";
		};
		1058C7A0FEA54F0111CA2CBB /* Linked Frameworks */ = {
			isa = PBXGroup;
			children = (
				1058C7A1FEA54F0111CA2CBB /* Cocoa.framework */,
			);
			name = "Linked Frameworks";
			sourceTree = "<group>";
		};
		1058C7A2FEA54F0111CA2CBB /* Other Frameworks */ = {
			isa = PBXGroup;
			children = (
				29B97324FDCFA39411CA2CEA /* AppKit.framework */,
				13E42FB307B3F0F600E4EEF1 /* CoreData.framework */,
				29B97325FDCFA39411CA2CEA /* Foundation.framework */,
			);
			name = "Other Frameworks";
			sourceTree = "<group>";
		};
		19C28FACFE9D520D11CA2CBB /* Products */ = {
			isa = PBXGroup;
			children = (
				21DCD0DC104AF12F00355E48 /* UnitTests.octest */,
				21DCD1FE104AFED900355E48 /* CastingStage.app */,
			);
			name = Products;
			sourceTree = "<group>";
		};
		213592D3106089750015C72F /* Transformers */ = {
			isa = PBXGroup;
			children = (
				211B4B8E106077EE007CB02C /* PointToStringTransformer.h */,
				211B4B8F106077EE007CB02C /* PointToStringTransformer.m */,
			);
			name = Transformers;
			sourceTree = "<group>";
		};
		21CB751C1045ECE8005CF75B /* Maths */ = {
			isa = PBXGroup;
			children = (
				21AB7076105AAC36005E7720 /* vector3.h */,
				21AB7077105AAC36005E7720 /* vector3.c */,
				21BAC4461070008600373730 /* Ray.c */,
				21CB76791045FD08005CF75B /* Ray.h */,
			);
			name = Maths;
			sourceTree = "<group>";
		};
		21CB75C81045F6C6005CF75B /* Scene */ = {
			isa = PBXGroup;
			children = (
				21BD40EE10560A9200D786D1 /* ScenePrimitives.h */,
				21AAEDFB10460279001F92C5 /* Sphere.h */,
				2163D4DB1046024200C26AF0 /* Sphere.m */,
				21AAEE7A10460401001F92C5 /* Primitive.h */,
				21AAEE7B10460401001F92C5 /* Primitive.m */,
				21BD40D31056031A00D786D1 /* Plane.h */,
				21BD40D41056031A00D786D1 /* Plane.m */,
				21383DC41049956E00864230 /* Light.h */,
				21383DC51049956E00864230 /* Light.m */,
				21383DC71049958D00864230 /* PointLight.h */,
				21383DC81049958D00864230 /* PointLight.m */,
				21EA76781066CE570005B1DF /* AreaLight.h */,
				21EA76791066CE570005B1DF /* AreaLight.m */,
			);
			name = Scene;
			sourceTree = "<group>";
		};
		21DCD0E4104AF17F00355E48 /* Tests */ = {
			isa = PBXGroup;
			children = (
				21DCD0E5104AF19B00355E48 /* SceneTest.h */,
				21DCD0E6104AF19B00355E48 /* SceneTest.m */,
			);
			name = Tests;
			sourceTree = "<group>";
		};
		21E947B71062C53600F8E3AF /* UI */ = {
			isa = PBXGroup;
			children = (
				21E947CE1062C83500F8E3AF /* CSDocument.h */,
				21E947CF1062C83500F8E3AF /* CSDocument.m */,
				21CB748E1045E7FD005CF75B /* AppController.h */,
				21CB748F1045E7FD005CF75B /* AppController.m */,
				21E947B21062C50C00F8E3AF /* CSWindowController.h */,
				21E947B31062C50C00F8E3AF /* CSWindowController.m */,
			);
			name = UI;
			sourceTree = "<group>";
		};
		29B97314FDCFA39411CA2CEA /* Untitled */ = {
			isa = PBXGroup;
			children = (
				080E96DDFE201D6D7F000001 /* Classes */,
				29B97315FDCFA39411CA2CEA /* Other Sources */,
				29B97317FDCFA39411CA2CEA /* Resources */,
				29B97323FDCFA39411CA2CEA /* Frameworks */,
				19C28FACFE9D520D11CA2CBB /* Products */,
			);
			name = Untitled;
			sourceTree = "<group>";
		};
		29B97315FDCFA39411CA2CEA /* Other Sources */ = {
			isa = PBXGroup;
			children = (
				32CA4F630368D1EE00C91783 /* Untitled_Prefix.pch */,
				29B97316FDCFA39411CA2CEA /* main.m */,
			);
			name = "Other Sources";
			sourceTree = "<group>";
		};
		29B97317FDCFA39411CA2CEA /* Resources */ = {
			isa = PBXGroup;
			children = (
				21A1CAB210BF1ACD00FF141F /* CastingStage Document.icns */,
				217DDA4810BC557E00F65BAA /* Icon.icns */,
				21DCD0DD104AF12F00355E48 /* UnitTests-Info.plist */,
				8D1107310486CEB800E47090 /* Info.plist */,
				089C165CFE840E0CC02AAC07 /* InfoPlist.strings */,
				1DDD58140DA1D0A300B32029 /* MainMenu.xib */,
				21E947C91062C70D00F8E3AF /* RayTracer.xib */,
			);
			name = Resources;
			sourceTree = "<group>";
		};
		29B97323FDCFA39411CA2CEA /* Frameworks */ = {
			isa = PBXGroup;
			children = (
				1058C7A0FEA54F0111CA2CBB /* Linked Frameworks */,
				1058C7A2FEA54F0111CA2CBB /* Other Frameworks */,
			);
			name = Frameworks;
			sourceTree = "<group>";
		};
/* End PBXGroup section */

/* Begin PBXNativeTarget section */
		21DCD0DB104AF12F00355E48 /* UnitTests */ = {
			isa = PBXNativeTarget;
			buildConfigurationList = 21DCD0E0104AF13000355E48 /* Build configuration list for PBXNativeTarget "UnitTests" */;
			buildPhases = (
				21DCD0D7104AF12F00355E48 /* Resources */,
				21DCD0D8104AF12F00355E48 /* Sources */,
				21DCD0D9104AF12F00355E48 /* Frameworks */,
				21DCD0DA104AF12F00355E48 /* ShellScript */,
			);
			buildRules = (
			);
			dependencies = (
			);
			name = UnitTests;
			productName = UnitTests;
			productReference = 21DCD0DC104AF12F00355E48 /* UnitTests.octest */;
			productType = "com.apple.product-type.bundle";
		};
		21DCD1EC104AFED900355E48 /* CastingStage */ = {
			isa = PBXNativeTarget;
			buildConfigurationList = 21DCD1FB104AFED900355E48 /* Build configuration list for PBXNativeTarget "CastingStage" */;
			buildPhases = (
				21DCD1ED104AFED900355E48 /* Resources */,
				21DCD1F0104AFED900355E48 /* Sources */,
				21DCD1F9104AFED900355E48 /* Frameworks */,
			);
			buildRules = (
			);
			dependencies = (
			);
			name = CastingStage;
			productInstallPath = "$(HOME)/Applications";
			productName = Untitled;
			productReference = 21DCD1FE104AFED900355E48 /* CastingStage.app */;
			productType = "com.apple.product-type.application";
		};
/* End PBXNativeTarget section */

/* Begin PBXProject section */
		29B97313FDCFA39411CA2CEA /* Project object */ = {
			isa = PBXProject;
			attributes = {
				BuildIndependentTargetsInParallel = NO;
			};
			buildConfigurationList = C01FCF4E08A954540054247B /* Build configuration list for PBXProject "CastingStage" */;
			compatibilityVersion = "Xcode 3.2";
			hasScannedForEncodings = 1;
			mainGroup = 29B97314FDCFA39411CA2CEA /* Untitled */;
			projectDirPath = "";
			projectRoot = "";
			targets = (
				21DCD1EC104AFED900355E48 /* CastingStage */,
				21DCD0DB104AF12F00355E48 /* UnitTests */,
			);
		};
/* End PBXProject section */

/* Begin PBXResourcesBuildPhase section */
		21DCD0D7104AF12F00355E48 /* Resources */ = {
			isa = PBXResourcesBuildPhase;
			buildActionMask = 2147483647;
			files = (
			);
			runOnlyForDeploymentPostprocessing = 0;
		};
		21DCD1ED104AFED900355E48 /* Resources */ = {
			isa = PBXResourcesBuildPhase;
			buildActionMask = 2147483647;
			files = (
				21DCD1EE104AFED900355E48 /* InfoPlist.strings in Resources */,
				21DCD1EF104AFED900355E48 /* MainMenu.xib in Resources */,
				21E947CB1062C70D00F8E3AF /* RayTracer.xib in Resources */,
				217DDA4910BC557E00F65BAA /* Icon.icns in Resources */,
				21A1CAB310BF1ACD00FF141F /* CastingStage Document.icns in Resources */,
			);
			runOnlyForDeploymentPostprocessing = 0;
		};
/* End PBXResourcesBuildPhase section */

/* Begin PBXShellScriptBuildPhase section */
		21DCD0DA104AF12F00355E48 /* ShellScript */ = {
			isa = PBXShellScriptBuildPhase;
			buildActionMask = 2147483647;
			files = (
			);
			inputPaths = (
			);
			outputPaths = (
			);
			runOnlyForDeploymentPostprocessing = 0;
			shellPath = /bin/sh;
			shellScript = "# Run the unit tests in this test bundle.\n#\"${SYSTEM_DEVELOPER_DIR}/Tools/RunUnitTests\"\n";
		};
/* End PBXShellScriptBuildPhase section */

/* Begin PBXSourcesBuildPhase section */
		21DCD0D8104AF12F00355E48 /* Sources */ = {
			isa = PBXSourcesBuildPhase;
			buildActionMask = 2147483647;
			files = (
				21DCD103104AF5B900355E48 /* Sphere.m in Sources */,
				21DCD105104AF5B900355E48 /* Primitive.m in Sources */,
				21DCD107104AF5B900355E48 /* Light.m in Sources */,
				21DCD109104AF5B900355E48 /* PointLight.m in Sources */,
				21DCD0E7104AF19B00355E48 /* SceneTest.m in Sources */,
				21BD40D51056031A00D786D1 /* Plane.m in Sources */,
				21AB7079105AAC36005E7720 /* vector3.c in Sources */,
				211B4B91106077EE007CB02C /* PointToStringTransformer.m in Sources */,
				21E947B41062C50C00F8E3AF /* CSWindowController.m in Sources */,
				21E947D01062C83500F8E3AF /* CSDocument.m in Sources */,
				21E949071062FD2A00F8E3AF /* RayTracer+Archiver.m in Sources */,
				21EA767B1066CE570005B1DF /* AreaLight.m in Sources */,
				21BAC4471070008600373730 /* Ray.c in Sources */,
			);
			runOnlyForDeploymentPostprocessing = 0;
		};
		21DCD1F0104AFED900355E48 /* Sources */ = {
			isa = PBXSourcesBuildPhase;
			buildActionMask = 2147483647;
			files = (
				21DCD1F1104AFED900355E48 /* main.m in Sources */,
				21DCD1F2104AFED900355E48 /* RayTracer.m in Sources */,
				21DCD1F3104AFED900355E48 /* AppController.m in Sources */,
				21DCD1F4104AFED900355E48 /* Sphere.m in Sources */,
				21DCD1F5104AFED900355E48 /* Primitive.m in Sources */,
				21DCD1F6104AFED900355E48 /* Lightning.m in Sources */,
				21DCD1F7104AFED900355E48 /* Light.m in Sources */,
				21DCD1F8104AFED900355E48 /* PointLight.m in Sources */,
				21BD40D61056031A00D786D1 /* Plane.m in Sources */,
				21AB7078105AAC36005E7720 /* vector3.c in Sources */,
				211B4B90106077EE007CB02C /* PointToStringTransformer.m in Sources */,
				21E947B51062C50C00F8E3AF /* CSWindowController.m in Sources */,
				21E947D11062C83500F8E3AF /* CSDocument.m in Sources */,
				21E949081062FD2A00F8E3AF /* RayTracer+Archiver.m in Sources */,
				21EA767A1066CE570005B1DF /* AreaLight.m in Sources */,
				21BAC4481070008600373730 /* Ray.c in Sources */,
			);
			runOnlyForDeploymentPostprocessing = 0;
		};
/* End PBXSourcesBuildPhase section */

/* Begin PBXVariantGroup section */
		089C165CFE840E0CC02AAC07 /* InfoPlist.strings */ = {
			isa = PBXVariantGroup;
			children = (
				089C165DFE840E0CC02AAC07 /* English */,
			);
			name = InfoPlist.strings;
			sourceTree = "<group>";
		};
		1DDD58140DA1D0A300B32029 /* MainMenu.xib */ = {
			isa = PBXVariantGroup;
			children = (
				1DDD58150DA1D0A300B32029 /* English */,
			);
			name = MainMenu.xib;
			sourceTree = "<group>";
		};
		21E947C91062C70D00F8E3AF /* RayTracer.xib */ = {
			isa = PBXVariantGroup;
			children = (
				21E947CA1062C70D00F8E3AF /* English */,
			);
			name = RayTracer.xib;
			sourceTree = "<group>";
		};
/* End PBXVariantGroup section */

/* Begin XCBuildConfiguration section */
		21DCD0DE104AF13000355E48 /* Debug */ = {
			isa = XCBuildConfiguration;
			buildSettings = {
				ALWAYS_SEARCH_USER_PATHS = NO;
				COPY_PHASE_STRIP = NO;
				FRAMEWORK_SEARCH_PATHS = "$(DEVELOPER_LIBRARY_DIR)/Frameworks";
				GCC_DYNAMIC_NO_PIC = NO;
				GCC_ENABLE_FIX_AND_CONTINUE = NO;
				GCC_ENABLE_OBJC_EXCEPTIONS = YES;
				GCC_MODEL_TUNING = G5;
				GCC_OPTIMIZATION_LEVEL = 0;
				GCC_PRECOMPILE_PREFIX_HEADER = YES;
				GCC_PREFIX_HEADER = "$(SYSTEM_LIBRARY_DIR)/Frameworks/Cocoa.framework/Headers/Cocoa.h";
				INFOPLIST_FILE = "UnitTests-Info.plist";
				INSTALL_PATH = "$(USER_LIBRARY_DIR)/Bundles";
				OTHER_LDFLAGS = (
					"-framework",
					Cocoa,
					"-framework",
					SenTestingKit,
				);
				PREBINDING = NO;
				PRODUCT_NAME = UnitTests;
				WRAPPER_EXTENSION = octest;
			};
			name = Debug;
		};
		21DCD0DF104AF13000355E48 /* Release */ = {
			isa = XCBuildConfiguration;
			buildSettings = {
				ALWAYS_SEARCH_USER_PATHS = NO;
				COPY_PHASE_STRIP = YES;
				DEBUG_INFORMATION_FORMAT = "dwarf-with-dsym";
				FRAMEWORK_SEARCH_PATHS = "$(DEVELOPER_LIBRARY_DIR)/Frameworks";
				GCC_ENABLE_FIX_AND_CONTINUE = NO;
				GCC_ENABLE_OBJC_EXCEPTIONS = YES;
				GCC_MODEL_TUNING = G5;
				GCC_PRECOMPILE_PREFIX_HEADER = YES;
				GCC_PREFIX_HEADER = "$(SYSTEM_LIBRARY_DIR)/Frameworks/Cocoa.framework/Headers/Cocoa.h";
				INFOPLIST_FILE = "UnitTests-Info.plist";
				INSTALL_PATH = "$(USER_LIBRARY_DIR)/Bundles";
				OTHER_LDFLAGS = (
					"-framework",
					Cocoa,
					"-framework",
					SenTestingKit,
				);
				PREBINDING = NO;
				PRODUCT_NAME = UnitTests;
				WRAPPER_EXTENSION = octest;
				ZERO_LINK = NO;
			};
			name = Release;
		};
		21DCD1FC104AFED900355E48 /* Debug */ = {
			isa = XCBuildConfiguration;
			buildSettings = {
				ALWAYS_SEARCH_USER_PATHS = NO;
				COPY_PHASE_STRIP = NO;
				GCC_DYNAMIC_NO_PIC = NO;
				GCC_ENABLE_FIX_AND_CONTINUE = YES;
				GCC_MODEL_TUNING = G5;
				GCC_OPTIMIZATION_LEVEL = 0;
				GCC_PRECOMPILE_PREFIX_HEADER = YES;
				GCC_PREFIX_HEADER = Untitled_Prefix.pch;
				INFOPLIST_FILE = Info.plist;
				INSTALL_PATH = "$(HOME)/Applications";
				PRODUCT_NAME = CastingStage;
			};
			name = Debug;
		};
		21DCD1FD104AFED900355E48 /* Release */ = {
			isa = XCBuildConfiguration;
			buildSettings = {
				ALWAYS_SEARCH_USER_PATHS = NO;
				DEBUG_INFORMATION_FORMAT = "dwarf-with-dsym";
				GCC_MODEL_TUNING = G5;
				GCC_PRECOMPILE_PREFIX_HEADER = YES;
				GCC_PREFIX_HEADER = Untitled_Prefix.pch;
				INFOPLIST_FILE = Info.plist;
				INSTALL_PATH = "$(HOME)/Applications";
				PRODUCT_NAME = CastingStage;
			};
			name = Release;
		};
		C01FCF4F08A954540054247B /* Debug */ = {
			isa = XCBuildConfiguration;
			buildSettings = {
				ARCHS = "$(NATIVE_ARCH_ACTUAL)";
				GCC_C_LANGUAGE_STANDARD = c99;
				GCC_ENABLE_OBJC_GC = required;
				GCC_OPTIMIZATION_LEVEL = 0;
				GCC_PREPROCESSOR_DEFINITIONS = DEBUG;
				GCC_PREPROCESSOR_DEFINITIONS_NOT_USED_IN_PRECOMPS = "";
				GCC_VERSION = com.apple.compilers.llvmgcc42;
				GCC_WARN_ABOUT_RETURN_TYPE = YES;
				GCC_WARN_UNUSED_VARIABLE = YES;
				ONLY_ACTIVE_ARCH = YES;
				PREBINDING = NO;
				RUN_CLANG_STATIC_ANALYZER = YES;
				SDKROOT = macosx10.5;
			};
			name = Debug;
		};
		C01FCF5008A954540054247B /* Release */ = {
			isa = XCBuildConfiguration;
			buildSettings = {
				ARCHS = "$(ARCHS_STANDARD_32_64_BIT)";
				GCC_AUTO_VECTORIZATION = YES;
				GCC_C_LANGUAGE_STANDARD = c99;
				GCC_ENABLE_OBJC_GC = required;
				GCC_ENABLE_SSE3_EXTENSIONS = YES;
				GCC_ENABLE_SSE41_EXTENSIONS = YES;
				GCC_ENABLE_SSE42_EXTENSIONS = YES;
				GCC_ENABLE_SUPPLEMENTAL_SSE3_INSTRUCTIONS = YES;
				GCC_GENERATE_DEBUGGING_SYMBOLS = NO;
				GCC_OPTIMIZATION_LEVEL = 3;
				GCC_UNROLL_LOOPS = YES;
				GCC_VERSION = com.apple.compilers.llvmgcc42;
				GCC_WARN_ABOUT_RETURN_TYPE = YES;
				GCC_WARN_UNUSED_VARIABLE = YES;
				IBC_FLATTEN_NIBS = NO;
				PREBINDING = NO;
				SDKROOT = macosx10.5;
				VALID_ARCHS = "i386 ppc ppc64 ppc7400 ppc970 x86_64";
			};
			name = Release;
		};
/* End XCBuildConfiguration section */

/* Begin XCConfigurationList section */
		21DCD0E0104AF13000355E48 /* Build configuration list for PBXNativeTarget "UnitTests" */ = {
			isa = XCConfigurationList;
			buildConfigurations = (
				21DCD0DE104AF13000355E48 /* Debug */,
				21DCD0DF104AF13000355E48 /* Release */,
			);
			defaultConfigurationIsVisible = 0;
			defaultConfigurationName = Release;
		};
		21DCD1FB104AFED900355E48 /* Build configuration list for PBXNativeTarget "CastingStage" */ = {
			isa = XCConfigurationList;
			buildConfigurations = (
				21DCD1FC104AFED900355E48 /* Debug */,
				21DCD1FD104AFED900355E48 /* Release */,
			);
			defaultConfigurationIsVisible = 0;
			defaultConfigurationName = Release;
		};
		C01FCF4E08A954540054247B /* Build configuration list for PBXProject "CastingStage" */ = {
			isa = XCConfigurationList;
			buildConfigurations = (
				C01FCF4F08A954540054247B /* Debug */,
				C01FCF5008A954540054247B /* Release */,
			);
			defaultConfigurationIsVisible = 0;
			defaultConfigurationName = Release;
		};
/* End XCConfigurationList section */
	};
	rootObject = 29B97313FDCFA39411CA2CEA /* Project object */;
}
